
Microsoft Visual Studio Solution File, Format Version 12.00
# Visual Studio 15
VisualStudioVersion = 15.0.26730.12
MinimumVisualStudioVersion = 10.0.40219.1
Project("{FAE04EC0-301F-11D3-BF4B-00C04F79EFBC}") = "mboard", "mboard\mboard.csproj", "{6F243970-D387-46CA-8A85-B78E6127C54D}"
EndProject
Project("{FAE04EC0-301F-11D3-BF4B-00C04F79EFBC}") = "mboard.Tests", "mboard.Tests\mboard.Tests.csproj", "{1EE880B4-1763-43B7-A41D-A209A4B1F259}"
EndProject
Global
	GlobalSection(SolutionConfigurationPlatforms) = preSolution
		Debug|Any CPU = Debug|Any CPU
		Release|Any CPU = Release|Any CPU
	EndGlobalSection
	GlobalSection(ProjectConfigurationPlatforms) = postSolution
		{6F243970-D387-46CA-8A85-B78E6127C54D}.Debug|Any CPU.ActiveCfg = Debug|Any CPU
		{6F243970-D387-46CA-8A85-B78E6127C54D}.Debug|Any CPU.Build.0 = Debug|Any CPU
		{6F243970-D387-46CA-8A85-B78E6127C54D}.Release|Any CPU.ActiveCfg = Release|Any CPU
		{6F243970-D387-46CA-8A85-B78E6127C54D}.Release|Any CPU.Build.0 = Release|Any CPU
		{1EE880B4-1763-43B7-A41D-A209A4B1F259}.Debug|Any CPU.ActiveCfg = Debug|Any CPU
		{1EE880B4-1763-43B7-A41D-A209A4B1F259}.Debug|Any CPU.Build.0 = Debug|Any CPU
		{1EE880B4-1763-43B7-A41D-A209A4B1F259}.Release|Any CPU.ActiveCfg = Release|Any CPU
		{1EE880B4-1763-43B7-A41D-A209A4B1F259}.Release|Any CPU.Build.0 = Release|Any CPU
	EndGlobalSection
	GlobalSection(SolutionProperties) = preSolution
		HideSolutionNode = FALSE
	EndGlobalSection
	GlobalSection(ExtensibilityGlobals) = postSolution
		SolutionGuid = {63D7FED9-9B5E-41B6-884D-6629B31793AE}
	EndGlobalSection
EndGlobal
